// !$*UTF8*$!
{
	archiveVersion = 1;
	classes = {
	};
	objectVersion = 50;
	objects = {

/* Begin PBXBuildFile section */
		A1067FF424A19FCB0024BF6C /* AppDelegate.swift in Sources */ = {isa = PBXBuildFile; fileRef = A1067FF324A19FCB0024BF6C /* AppDelegate.swift */; };
		A1067FF624A19FCB0024BF6C /* SceneDelegate.swift in Sources */ = {isa = PBXBuildFile; fileRef = A1067FF524A19FCB0024BF6C /* SceneDelegate.swift */; };
		A1067FF824A19FCB0024BF6C /* LandmarkDetail.swift in Sources */ = {isa = PBXBuildFile; fileRef = A1067FF724A19FCB0024BF6C /* LandmarkDetail.swift */; };
		A1067FFA24A19FCC0024BF6C /* Assets.xcassets in Resources */ = {isa = PBXBuildFile; fileRef = A1067FF924A19FCC0024BF6C /* Assets.xcassets */; };
		A1067FFD24A19FCC0024BF6C /* Preview Assets.xcassets in Resources */ = {isa = PBXBuildFile; fileRef = A1067FFC24A19FCC0024BF6C /* Preview Assets.xcassets */; };
		A106800024A19FCD0024BF6C /* LaunchScreen.storyboard in Resources */ = {isa = PBXBuildFile; fileRef = A1067FFE24A19FCC0024BF6C /* LaunchScreen.storyboard */; };
		A106800824A1A4C10024BF6C /* CircleImage.swift in Sources */ = {isa = PBXBuildFile; fileRef = A106800724A1A4C10024BF6C /* CircleImage.swift */; };
		A106800A24A1A5D20024BF6C /* MapView.swift in Sources */ = {isa = PBXBuildFile; fileRef = A106800924A1A5D20024BF6C /* MapView.swift */; };
		A106800C24A219590024BF6C /* Landmark.swift in Sources */ = {isa = PBXBuildFile; fileRef = A106800B24A219590024BF6C /* Landmark.swift */; };
		A106800E24A219840024BF6C /* Data.swift in Sources */ = {isa = PBXBuildFile; fileRef = A106800D24A219840024BF6C /* Data.swift */; };
		A106801024A2199A0024BF6C /* landmarkData.json in Resources */ = {isa = PBXBuildFile; fileRef = A106800F24A2199A0024BF6C /* landmarkData.json */; };
		A106801224A21B670024BF6C /* LandmarkRow.swift in Sources */ = {isa = PBXBuildFile; fileRef = A106801124A21B670024BF6C /* LandmarkRow.swift */; };
		A14E9ACC24A64F37009EF453 /* HikeGraph.swift in Sources */ = {isa = PBXBuildFile; fileRef = A14E9ACA24A64F37009EF453 /* HikeGraph.swift */; };
		A14E9ACD24A64F37009EF453 /* GraphCapsule.swift in Sources */ = {isa = PBXBuildFile; fileRef = A14E9ACB24A64F37009EF453 /* GraphCapsule.swift */; };
		A14E9ACF24A64F49009EF453 /* HikeView.swift in Sources */ = {isa = PBXBuildFile; fileRef = A14E9ACE24A64F49009EF453 /* HikeView.swift */; };
		A14E9AD124A64F5F009EF453 /* Hike.swift in Sources */ = {isa = PBXBuildFile; fileRef = A14E9AD024A64F5F009EF453 /* Hike.swift */; };
		A14E9AD324A6B2E1009EF453 /* hikeData.json in Resources */ = {isa = PBXBuildFile; fileRef = A14E9AD224A6B2E1009EF453 /* hikeData.json */; };
		A14E9AD524A6B3CD009EF453 /* HikeDetail.swift in Sources */ = {isa = PBXBuildFile; fileRef = A14E9AD424A6B3CD009EF453 /* HikeDetail.swift */; };
		A189AC5424A220540094EF49 /* LandmarkList.swift in Sources */ = {isa = PBXBuildFile; fileRef = A189AC5324A220540094EF49 /* LandmarkList.swift */; };
		A189AC6224A22B200094EF49 /* turtlerock.jpg in Resources */ = {isa = PBXBuildFile; fileRef = A189AC5624A22B200094EF49 /* turtlerock.jpg */; };
		A189AC6324A22B200094EF49 /* silversalmoncreek.jpg in Resources */ = {isa = PBXBuildFile; fileRef = A189AC5724A22B200094EF49 /* silversalmoncreek.jpg */; };
		A189AC6424A22B200094EF49 /* icybay.jpg in Resources */ = {isa = PBXBuildFile; fileRef = A189AC5824A22B200094EF49 /* icybay.jpg */; };
		A189AC6524A22B200094EF49 /* lakemcdonald.jpg in Resources */ = {isa = PBXBuildFile; fileRef = A189AC5924A22B200094EF49 /* lakemcdonald.jpg */; };
		A189AC6624A22B200094EF49 /* hiddenlake.jpg in Resources */ = {isa = PBXBuildFile; fileRef = A189AC5A24A22B200094EF49 /* hiddenlake.jpg */; };
		A189AC6724A22B200094EF49 /* twinlake.jpg in Resources */ = {isa = PBXBuildFile; fileRef = A189AC5B24A22B200094EF49 /* twinlake.jpg */; };
		A189AC6824A22B200094EF49 /* umbagog.jpg in Resources */ = {isa = PBXBuildFile; fileRef = A189AC5C24A22B200094EF49 /* umbagog.jpg */; };
		A189AC6924A22B200094EF49 /* chincoteague.jpg in Resources */ = {isa = PBXBuildFile; fileRef = A189AC5D24A22B200094EF49 /* chincoteague.jpg */; };
		A189AC6A24A22B200094EF49 /* yukon_charleyrivers.jpg in Resources */ = {isa = PBXBuildFile; fileRef = A189AC5E24A22B200094EF49 /* yukon_charleyrivers.jpg */; };
		A189AC6B24A22B200094EF49 /* stmarylake.jpg in Resources */ = {isa = PBXBuildFile; fileRef = A189AC5F24A22B200094EF49 /* stmarylake.jpg */; };
		A189AC6C24A22B200094EF49 /* chilkoottrail.jpg in Resources */ = {isa = PBXBuildFile; fileRef = A189AC6024A22B200094EF49 /* chilkoottrail.jpg */; };
		A189AC6D24A22B200094EF49 /* rainbowlake.jpg in Resources */ = {isa = PBXBuildFile; fileRef = A189AC6124A22B200094EF49 /* rainbowlake.jpg */; };
		A189AC6F24A2380A0094EF49 /* charleyrivers.jpg in Resources */ = {isa = PBXBuildFile; fileRef = A189AC6E24A2380A0094EF49 /* charleyrivers.jpg */; };
		A189AC7124A2385B0094EF49 /* UserData.swift in Sources */ = {isa = PBXBuildFile; fileRef = A189AC7024A2385B0094EF49 /* UserData.swift */; };
		A1A52F2D24A2E5D400F2BD7C /* Badge.swift in Sources */ = {isa = PBXBuildFile; fileRef = A1A52F2C24A2E5D400F2BD7C /* Badge.swift */; };
		A1A52F3024A2E6AC00F2BD7C /* HexagonParameters.swift in Sources */ = {isa = PBXBuildFile; fileRef = A1A52F2F24A2E6AC00F2BD7C /* HexagonParameters.swift */; };
		A1A52F3224A2EA1B00F2BD7C /* BadgeBackground.swift in Sources */ = {isa = PBXBuildFile; fileRef = A1A52F3124A2EA1B00F2BD7C /* BadgeBackground.swift */; };
		A1A52F3424A2EACB00F2BD7C /* BadgeSymbol.swift in Sources */ = {isa = PBXBuildFile; fileRef = A1A52F3324A2EACB00F2BD7C /* BadgeSymbol.swift */; };
		A1A52F3624A2EBCB00F2BD7C /* RotatedBadgeSymbol.swift in Sources */ = {isa = PBXBuildFile; fileRef = A1A52F3524A2EBCB00F2BD7C /* RotatedBadgeSymbol.swift */; };
/* End PBXBuildFile section */

/* Begin PBXFileReference section */
		A1067FF024A19FCB0024BF6C /* Landmarks.app */ = {isa = PBXFileReference; explicitFileType = wrapper.application; includeInIndex = 0; path = Landmarks.app; sourceTree = BUILT_PRODUCTS_DIR; };
		A1067FF324A19FCB0024BF6C /* AppDelegate.swift */ = {isa = PBXFileReference; lastKnownFileType = sourcecode.swift; path = AppDelegate.swift; sourceTree = "<group>"; };
		A1067FF524A19FCB0024BF6C /* SceneDelegate.swift */ = {isa = PBXFileReference; lastKnownFileType = sourcecode.swift; path = SceneDelegate.swift; sourceTree = "<group>"; };
		A1067FF724A19FCB0024BF6C /* LandmarkDetail.swift */ = {isa = PBXFileReference; lastKnownFileType = sourcecode.swift; path = LandmarkDetail.swift; sourceTree = "<group>"; };
		A1067FF924A19FCC0024BF6C /* Assets.xcassets */ = {isa = PBXFileReference; lastKnownFileType = folder.assetcatalog; path = Assets.xcassets; sourceTree = "<group>"; };
		A1067FFC24A19FCC0024BF6C /* Preview Assets.xcassets */ = {isa = PBXFileReference; lastKnownFileType = folder.assetcatalog; path = "Preview Assets.xcassets"; sourceTree = "<group>"; };
		A1067FFF24A19FCD0024BF6C /* Base */ = {isa = PBXFileReference; lastKnownFileType = file.storyboard; name = Base; path = Base.lproj/LaunchScreen.storyboard; sourceTree = "<group>"; };
		A106800124A19FCD0024BF6C /* Info.plist */ = {isa = PBXFileReference; lastKnownFileType = text.plist.xml; path = Info.plist; sourceTree = "<group>"; };
		A106800724A1A4C10024BF6C /* CircleImage.swift */ = {isa = PBXFileReference; lastKnownFileType = sourcecode.swift; path = CircleImage.swift; sourceTree = "<group>"; };
		A106800924A1A5D20024BF6C /* MapView.swift */ = {isa = PBXFileReference; lastKnownFileType = sourcecode.swift; path = MapView.swift; sourceTree = "<group>"; };
		A106800B24A219590024BF6C /* Landmark.swift */ = {isa = PBXFileReference; fileEncoding = 4; lastKnownFileType = sourcecode.swift; path = Landmark.swift; sourceTree = "<group>"; };
		A106800D24A219840024BF6C /* Data.swift */ = {isa = PBXFileReference; fileEncoding = 4; lastKnownFileType = sourcecode.swift; path = Data.swift; sourceTree = "<group>"; };
		A106800F24A2199A0024BF6C /* landmarkData.json */ = {isa = PBXFileReference; fileEncoding = 4; lastKnownFileType = text.json; path = landmarkData.json; sourceTree = "<group>"; };
		A106801124A21B670024BF6C /* LandmarkRow.swift */ = {isa = PBXFileReference; lastKnownFileType = sourcecode.swift; path = LandmarkRow.swift; sourceTree = "<group>"; };
		A14E9ACA24A64F37009EF453 /* HikeGraph.swift */ = {isa = PBXFileReference; fileEncoding = 4; lastKnownFileType = sourcecode.swift; path = HikeGraph.swift; sourceTree = "<group>"; };
		A14E9ACB24A64F37009EF453 /* GraphCapsule.swift */ = {isa = PBXFileReference; fileEncoding = 4; lastKnownFileType = sourcecode.swift; path = GraphCapsule.swift; sourceTree = "<group>"; };
		A14E9ACE24A64F49009EF453 /* HikeView.swift */ = {isa = PBXFileReference; fileEncoding = 4; lastKnownFileType = sourcecode.swift; path = HikeView.swift; sourceTree = "<group>"; };
		A14E9AD024A64F5F009EF453 /* Hike.swift */ = {isa = PBXFileReference; fileEncoding = 4; lastKnownFileType = sourcecode.swift; path = Hike.swift; sourceTree = "<group>"; };
		A14E9AD224A6B2E1009EF453 /* hikeData.json */ = {isa = PBXFileReference; fileEncoding = 4; lastKnownFileType = text.json; path = hikeData.json; sourceTree = "<group>"; };
		A14E9AD424A6B3CD009EF453 /* HikeDetail.swift */ = {isa = PBXFileReference; fileEncoding = 4; lastKnownFileType = sourcecode.swift; path = HikeDetail.swift; sourceTree = "<group>"; };
		A189AC5324A220540094EF49 /* LandmarkList.swift */ = {isa = PBXFileReference; lastKnownFileType = sourcecode.swift; path = LandmarkList.swift; sourceTree = "<group>"; };
		A189AC5624A22B200094EF49 /* turtlerock.jpg */ = {isa = PBXFileReference; lastKnownFileType = image.jpeg; path = turtlerock.jpg; sourceTree = "<group>"; };
		A189AC5724A22B200094EF49 /* silversalmoncreek.jpg */ = {isa = PBXFileReference; lastKnownFileType = image.jpeg; path = silversalmoncreek.jpg; sourceTree = "<group>"; };
		A189AC5824A22B200094EF49 /* icybay.jpg */ = {isa = PBXFileReference; lastKnownFileType = image.jpeg; path = icybay.jpg; sourceTree = "<group>"; };
		A189AC5924A22B200094EF49 /* lakemcdonald.jpg */ = {isa = PBXFileReference; lastKnownFileType = image.jpeg; path = lakemcdonald.jpg; sourceTree = "<group>"; };
		A189AC5A24A22B200094EF49 /* hiddenlake.jpg */ = {isa = PBXFileReference; lastKnownFileType = image.jpeg; path = hiddenlake.jpg; sourceTree = "<group>"; };
		A189AC5B24A22B200094EF49 /* twinlake.jpg */ = {isa = PBXFileReference; lastKnownFileType = image.jpeg; path = twinlake.jpg; sourceTree = "<group>"; };
		A189AC5C24A22B200094EF49 /* umbagog.jpg */ = {isa = PBXFileReference; lastKnownFileType = image.jpeg; path = umbagog.jpg; sourceTree = "<group>"; };
		A189AC5D24A22B200094EF49 /* chincoteague.jpg */ = {isa = PBXFileReference; lastKnownFileType = image.jpeg; path = chincoteague.jpg; sourceTree = "<group>"; };
		A189AC5E24A22B200094EF49 /* yukon_charleyrivers.jpg */ = {isa = PBXFileReference; lastKnownFileType = image.jpeg; path = yukon_charleyrivers.jpg; sourceTree = "<group>"; };
		A189AC5F24A22B200094EF49 /* stmarylake.jpg */ = {isa = PBXFileReference; lastKnownFileType = image.jpeg; path = stmarylake.jpg; sourceTree = "<group>"; };
		A189AC6024A22B200094EF49 /* chilkoottrail.jpg */ = {isa = PBXFileReference; lastKnownFileType = image.jpeg; path = chilkoottrail.jpg; sourceTree = "<group>"; };
		A189AC6124A22B200094EF49 /* rainbowlake.jpg */ = {isa = PBXFileReference; lastKnownFileType = image.jpeg; path = rainbowlake.jpg; sourceTree = "<group>"; };
		A189AC6E24A2380A0094EF49 /* charleyrivers.jpg */ = {isa = PBXFileReference; lastKnownFileType = image.jpeg; path = charleyrivers.jpg; sourceTree = "<group>"; };
		A189AC7024A2385B0094EF49 /* UserData.swift */ = {isa = PBXFileReference; lastKnownFileType = sourcecode.swift; path = UserData.swift; sourceTree = "<group>"; };
		A1A52F2C24A2E5D400F2BD7C /* Badge.swift */ = {isa = PBXFileReference; lastKnownFileType = sourcecode.swift; path = Badge.swift; sourceTree = "<group>"; };
		A1A52F2F24A2E6AC00F2BD7C /* HexagonParameters.swift */ = {isa = PBXFileReference; fileEncoding = 4; lastKnownFileType = sourcecode.swift; path = HexagonParameters.swift; sourceTree = "<group>"; };
		A1A52F3124A2EA1B00F2BD7C /* BadgeBackground.swift */ = {isa = PBXFileReference; lastKnownFileType = sourcecode.swift; path = BadgeBackground.swift; sourceTree = "<group>"; };
		A1A52F3324A2EACB00F2BD7C /* BadgeSymbol.swift */ = {isa = PBXFileReference; lastKnownFileType = sourcecode.swift; path = BadgeSymbol.swift; sourceTree = "<group>"; };
		A1A52F3524A2EBCB00F2BD7C /* RotatedBadgeSymbol.swift */ = {isa = PBXFileReference; lastKnownFileType = sourcecode.swift; path = RotatedBadgeSymbol.swift; sourceTree = "<group>"; };
/* End PBXFileReference section */

/* Begin PBXFrameworksBuildPhase section */
		A1067FED24A19FCB0024BF6C /* Frameworks */ = {
			isa = PBXFrameworksBuildPhase;
			buildActionMask = 2147483647;
			files = (
			);
			runOnlyForDeploymentPostprocessing = 0;
		};
/* End PBXFrameworksBuildPhase section */

/* Begin PBXGroup section */
		A1067FE724A19FCB0024BF6C = {
			isa = PBXGroup;
			children = (
				A1067FF224A19FCB0024BF6C /* Landmarks */,
				A1067FF124A19FCB0024BF6C /* Products */,
			);
			sourceTree = "<group>";
		};
		A1067FF124A19FCB0024BF6C /* Products */ = {
			isa = PBXGroup;
			children = (
				A1067FF024A19FCB0024BF6C /* Landmarks.app */,
			);
			name = Products;
			sourceTree = "<group>";
		};
		A1067FF224A19FCB0024BF6C /* Landmarks */ = {
			isa = PBXGroup;
			children = (
				A189AC5524A22B200094EF49 /* Resources */,
				A1A52F2E24A2E5FB00F2BD7C /* Models */,
				A1A52F2C24A2E5D400F2BD7C /* Badge.swift */,
				A14E9ACB24A64F37009EF453 /* GraphCapsule.swift */,
				A14E9ACA24A64F37009EF453 /* HikeGraph.swift */,
				A1A52F3324A2EACB00F2BD7C /* BadgeSymbol.swift */,
				A1A52F3524A2EBCB00F2BD7C /* RotatedBadgeSymbol.swift */,
				A14E9AD424A6B3CD009EF453 /* HikeDetail.swift */,
				A1A52F3124A2EA1B00F2BD7C /* BadgeBackground.swift */,
				A106800F24A2199A0024BF6C /* landmarkData.json */,
				A14E9ACE24A64F49009EF453 /* HikeView.swift */,
				A1A52F2F24A2E6AC00F2BD7C /* HexagonParameters.swift */,
				A1067FF324A19FCB0024BF6C /* AppDelegate.swift */,
				A1067FF524A19FCB0024BF6C /* SceneDelegate.swift */,
				A1067FF724A19FCB0024BF6C /* LandmarkDetail.swift */,
				A106801124A21B670024BF6C /* LandmarkRow.swift */,
				A189AC5324A220540094EF49 /* LandmarkList.swift */,
				A1067FF924A19FCC0024BF6C /* Assets.xcassets */,
				A106800724A1A4C10024BF6C /* CircleImage.swift */,
				A106800924A1A5D20024BF6C /* MapView.swift */,
				A1067FFE24A19FCC0024BF6C /* LaunchScreen.storyboard */,
				A106800124A19FCD0024BF6C /* Info.plist */,
				A1067FFB24A19FCC0024BF6C /* Preview Content */,
			);
			path = Landmarks;
			sourceTree = "<group>";
		};
		A1067FFB24A19FCC0024BF6C /* Preview Content */ = {
			isa = PBXGroup;
			children = (
				A1067FFC24A19FCC0024BF6C /* Preview Assets.xcassets */,
			);
			path = "Preview Content";
			sourceTree = "<group>";
		};
		A189AC5524A22B200094EF49 /* Resources */ = {
			isa = PBXGroup;
			children = (
				A14E9AD224A6B2E1009EF453 /* hikeData.json */,
				A189AC6E24A2380A0094EF49 /* charleyrivers.jpg */,
				A189AC5624A22B200094EF49 /* turtlerock.jpg */,
				A189AC5724A22B200094EF49 /* silversalmoncreek.jpg */,
				A189AC5824A22B200094EF49 /* icybay.jpg */,
				A189AC5924A22B200094EF49 /* lakemcdonald.jpg */,
				A189AC5A24A22B200094EF49 /* hiddenlake.jpg */,
				A189AC5B24A22B200094EF49 /* twinlake.jpg */,
				A189AC5C24A22B200094EF49 /* umbagog.jpg */,
				A189AC5D24A22B200094EF49 /* chincoteague.jpg */,
				A189AC5E24A22B200094EF49 /* yukon_charleyrivers.jpg */,
				A189AC5F24A22B200094EF49 /* stmarylake.jpg */,
				A189AC6024A22B200094EF49 /* chilkoottrail.jpg */,
				A189AC6124A22B200094EF49 /* rainbowlake.jpg */,
			);
			path = Resources;
			sourceTree = "<group>";
		};
		A1A52F2E24A2E5FB00F2BD7C /* Models */ = {
			isa = PBXGroup;
			children = (
				A106800B24A219590024BF6C /* Landmark.swift */,
				A14E9AD024A64F5F009EF453 /* Hike.swift */,
				A189AC7024A2385B0094EF49 /* UserData.swift */,
				A106800D24A219840024BF6C /* Data.swift */,
			);
			path = Models;
			sourceTree = "<group>";
		};
/* End PBXGroup section */

/* Begin PBXNativeTarget section */
		A1067FEF24A19FCB0024BF6C /* Landmarks */ = {
			isa = PBXNativeTarget;
			buildConfigurationList = A106800424A19FCD0024BF6C /* Build configuration list for PBXNativeTarget "Landmarks" */;
			buildPhases = (
				A1067FEC24A19FCB0024BF6C /* Sources */,
				A1067FED24A19FCB0024BF6C /* Frameworks */,
				A1067FEE24A19FCB0024BF6C /* Resources */,
			);
			buildRules = (
			);
			dependencies = (
			);
			name = Landmarks;
			productName = Landmarks;
			productReference = A1067FF024A19FCB0024BF6C /* Landmarks.app */;
			productType = "com.apple.product-type.application";
		};
/* End PBXNativeTarget section */

/* Begin PBXProject section */
		A1067FE824A19FCB0024BF6C /* Project object */ = {
			isa = PBXProject;
			attributes = {
				LastSwiftUpdateCheck = 1150;
				LastUpgradeCheck = 1150;
				ORGANIZATIONNAME = "Carlos E. Barboza";
				TargetAttributes = {
					A1067FEF24A19FCB0024BF6C = {
						CreatedOnToolsVersion = 11.5;
					};
				};
			};
			buildConfigurationList = A1067FEB24A19FCB0024BF6C /* Build configuration list for PBXProject "Landmarks" */;
			compatibilityVersion = "Xcode 9.3";
			developmentRegion = en;
			hasScannedForEncodings = 0;
			knownRegions = (
				en,
				Base,
			);
			mainGroup = A1067FE724A19FCB0024BF6C;
			productRefGroup = A1067FF124A19FCB0024BF6C /* Products */;
			projectDirPath = "";
			projectRoot = "";
			targets = (
				A1067FEF24A19FCB0024BF6C /* Landmarks */,
			);
		};
/* End PBXProject section */

/* Begin PBXResourcesBuildPhase section */
		A1067FEE24A19FCB0024BF6C /* Resources */ = {
			isa = PBXResourcesBuildPhase;
			buildActionMask = 2147483647;
			files = (
				A106800024A19FCD0024BF6C /* LaunchScreen.storyboard in Resources */,
				A106801024A2199A0024BF6C /* landmarkData.json in Resources */,
				A1067FFD24A19FCC0024BF6C /* Preview Assets.xcassets in Resources */,
				A189AC6324A22B200094EF49 /* silversalmoncreek.jpg in Resources */,
				A14E9AD324A6B2E1009EF453 /* hikeData.json in Resources */,
				A1067FFA24A19FCC0024BF6C /* Assets.xcassets in Resources */,
				A189AC6424A22B200094EF49 /* icybay.jpg in Resources */,
				A189AC6B24A22B200094EF49 /* stmarylake.jpg in Resources */,
				A189AC6F24A2380A0094EF49 /* charleyrivers.jpg in Resources */,
				A189AC6924A22B200094EF49 /* chincoteague.jpg in Resources */,
				A189AC6724A22B200094EF49 /* twinlake.jpg in Resources */,
				A189AC6524A22B200094EF49 /* lakemcdonald.jpg in Resources */,
				A189AC6624A22B200094EF49 /* hiddenlake.jpg in Resources */,
				A189AC6824A22B200094EF49 /* umbagog.jpg in Resources */,
				A189AC6224A22B200094EF49 /* turtlerock.jpg in Resources */,
				A189AC6D24A22B200094EF49 /* rainbowlake.jpg in Resources */,
				A189AC6C24A22B200094EF49 /* chilkoottrail.jpg in Resources */,
				A189AC6A24A22B200094EF49 /* yukon_charleyrivers.jpg in Resources */,
			);
			runOnlyForDeploymentPostprocessing = 0;
		};
/* End PBXResourcesBuildPhase section */

/* Begin PBXSourcesBuildPhase section */
		A1067FEC24A19FCB0024BF6C /* Sources */ = {
			isa = PBXSourcesBuildPhase;
			buildActionMask = 2147483647;
			files = (
				A1A52F3024A2E6AC00F2BD7C /* HexagonParameters.swift in Sources */,
				A106800E24A219840024BF6C /* Data.swift in Sources */,
				A1067FF424A19FCB0024BF6C /* AppDelegate.swift in Sources */,
				A14E9AD124A64F5F009EF453 /* Hike.swift in Sources */,
				A14E9ACD24A64F37009EF453 /* GraphCapsule.swift in Sources */,
				A1A52F2D24A2E5D400F2BD7C /* Badge.swift in Sources */,
				A106800824A1A4C10024BF6C /* CircleImage.swift in Sources */,
				A106800A24A1A5D20024BF6C /* MapView.swift in Sources */,
				A189AC5424A220540094EF49 /* LandmarkList.swift in Sources */,
				A1A52F3424A2EACB00F2BD7C /* BadgeSymbol.swift in Sources */,
				A1A52F3624A2EBCB00F2BD7C /* RotatedBadgeSymbol.swift in Sources */,
				A1067FF624A19FCB0024BF6C /* SceneDelegate.swift in Sources */,
				A1A52F3224A2EA1B00F2BD7C /* BadgeBackground.swift in Sources */,
				A1067FF824A19FCB0024BF6C /* LandmarkDetail.swift in Sources */,
				A14E9ACF24A64F49009EF453 /* HikeView.swift in Sources */,
				A106801224A21B670024BF6C /* LandmarkRow.swift in Sources */,
				A14E9ACC24A64F37009EF453 /* HikeGraph.swift in Sources */,
				A189AC7124A2385B0094EF49 /* UserData.swift in Sources */,
				A106800C24A219590024BF6C /* Landmark.swift in Sources */,
				A14E9AD524A6B3CD009EF453 /* HikeDetail.swift in Sources */,
			);
			runOnlyForDeploymentPostprocessing = 0;
		};
/* End PBXSourcesBuildPhase section */

/* Begin PBXVariantGroup section */
		A1067FFE24A19FCC0024BF6C /* LaunchScreen.storyboard */ = {
			isa = PBXVariantGroup;
			children = (
				A1067FFF24A19FCD0024BF6C /* Base */,
			);
			name = LaunchScreen.storyboard;
			sourceTree = "<group>";
		};
/* End PBXVariantGroup section */

/* Begin XCBuildConfiguration section */
		A106800224A19FCD0024BF6C /* Debug */ = {
			isa = XCBuildConfiguration;
			buildSettings = {
				ALWAYS_SEARCH_USER_PATHS = NO;
				CLANG_ANALYZER_NONNULL = YES;
				CLANG_ANALYZER_NUMBER_OBJECT_CONVERSION = YES_AGGRESSIVE;
				CLANG_CXX_LANGUAGE_STANDARD = "gnu++14";
				CLANG_CXX_LIBRARY = "libc++";
				CLANG_ENABLE_MODULES = YES;
				CLANG_ENABLE_OBJC_ARC = YES;
				CLANG_ENABLE_OBJC_WEAK = YES;
				CLANG_WARN_BLOCK_CAPTURE_AUTORELEASING = YES;
				CLANG_WARN_BOOL_CONVERSION = YES;
				CLANG_WARN_COMMA = YES;
				CLANG_WARN_CONSTANT_CONVERSION = YES;
				CLANG_WARN_DEPRECATED_OBJC_IMPLEMENTATIONS = YES;
				CLANG_WARN_DIRECT_OBJC_ISA_USAGE = YES_ERROR;
				CLANG_WARN_DOCUMENTATION_COMMENTS = YES;
				CLANG_WARN_EMPTY_BODY = YES;
				CLANG_WARN_ENUM_CONVERSION = YES;
				CLANG_WARN_INFINITE_RECURSION = YES;
				CLANG_WARN_INT_CONVERSION = YES;
				CLANG_WARN_NON_LITERAL_NULL_CONVERSION = YES;
				CLANG_WARN_OBJC_IMPLICIT_RETAIN_SELF = YES;
				CLANG_WARN_OBJC_LITERAL_CONVERSION = YES;
				CLANG_WARN_OBJC_ROOT_CLASS = YES_ERROR;
				CLANG_WARN_RANGE_LOOP_ANALYSIS = YES;
				CLANG_WARN_STRICT_PROTOTYPES = YES;
				CLANG_WARN_SUSPICIOUS_MOVE = YES;
				CLANG_WARN_UNGUARDED_AVAILABILITY = YES_AGGRESSIVE;
				CLANG_WARN_UNREACHABLE_CODE = YES;
				CLANG_WARN__DUPLICATE_METHOD_MATCH = YES;
				COPY_PHASE_STRIP = NO;
				DEBUG_INFORMATION_FORMAT = dwarf;
				ENABLE_STRICT_OBJC_MSGSEND = YES;
				ENABLE_TESTABILITY = YES;
				GCC_C_LANGUAGE_STANDARD = gnu11;
				GCC_DYNAMIC_NO_PIC = NO;
				GCC_NO_COMMON_BLOCKS = YES;
				GCC_OPTIMIZATION_LEVEL = 0;
				GCC_PREPROCESSOR_DEFINITIONS = (
					"DEBUG=1",
					"$(inherited)",
				);
				GCC_WARN_64_TO_32_BIT_CONVERSION = YES;
				GCC_WARN_ABOUT_RETURN_TYPE = YES_ERROR;
				GCC_WARN_UNDECLARED_SELECTOR = YES;
				GCC_WARN_UNINITIALIZED_AUTOS = YES_AGGRESSIVE;
				GCC_WARN_UNUSED_FUNCTION = YES;
				GCC_WARN_UNUSED_VARIABLE = YES;
				IPHONEOS_DEPLOYMENT_TARGET = 13.5;
				MTL_ENABLE_DEBUG_INFO = INCLUDE_SOURCE;
				MTL_FAST_MATH = YES;
				ONLY_ACTIVE_ARCH = YES;
				SDKROOT = iphoneos;
				SWIFT_ACTIVE_COMPILATION_CONDITIONS = DEBUG;
				SWIFT_OPTIMIZATION_LEVEL = "-Onone";
			};
			name = Debug;
		};
		A106800324A19FCD0024BF6C /* Release */ = {
			isa = XCBuildConfiguration;
			buildSettings = {
				ALWAYS_SEARCH_USER_PATHS = NO;
				CLANG_ANALYZER_NONNULL = YES;
				CLANG_ANALYZER_NUMBER_OBJECT_CONVERSION = YES_AGGRESSIVE;
				CLANG_CXX_LANGUAGE_STANDARD = "gnu++14";
				CLANG_CXX_LIBRARY = "libc++";
				CLANG_ENABLE_MODULES = YES;
				CLANG_ENABLE_OBJC_ARC = YES;
				CLANG_ENABLE_OBJC_WEAK = YES;
				CLANG_WARN_BLOCK_CAPTURE_AUTORELEASING = YES;
				CLANG_WARN_BOOL_CONVERSION = YES;
				CLANG_WARN_COMMA = YES;
				CLANG_WARN_CONSTANT_CONVERSION = YES;
				CLANG_WARN_DEPRECATED_OBJC_IMPLEMENTATIONS = YES;
				CLANG_WARN_DIRECT_OBJC_ISA_USAGE = YES_ERROR;
				CLANG_WARN_DOCUMENTATION_COMMENTS = YES;
				CLANG_WARN_EMPTY_BODY = YES;
				CLANG_WARN_ENUM_CONVERSION = YES;
				CLANG_WARN_INFINITE_RECURSION = YES;
				CLANG_WARN_INT_CONVERSION = YES;
				CLANG_WARN_NON_LITERAL_NULL_CONVERSION = YES;
				CLANG_WARN_OBJC_IMPLICIT_RETAIN_SELF = YES;
				CLANG_WARN_OBJC_LITERAL_CONVERSION = YES;
				CLANG_WARN_OBJC_ROOT_CLASS = YES_ERROR;
				CLANG_WARN_RANGE_LOOP_ANALYSIS = YES;
				CLANG_WARN_STRICT_PROTOTYPES = YES;
				CLANG_WARN_SUSPICIOUS_MOVE = YES;
				CLANG_WARN_UNGUARDED_AVAILABILITY = YES_AGGRESSIVE;
				CLANG_WARN_UNREACHABLE_CODE = YES;
				CLANG_WARN__DUPLICATE_METHOD_MATCH = YES;
				COPY_PHASE_STRIP = NO;
				DEBUG_INFORMATION_FORMAT = "dwarf-with-dsym";
				ENABLE_NS_ASSERTIONS = NO;
				ENABLE_STRICT_OBJC_MSGSEND = YES;
				GCC_C_LANGUAGE_STANDARD = gnu11;
				GCC_NO_COMMON_BLOCKS = YES;
				GCC_WARN_64_TO_32_BIT_CONVERSION = YES;
				GCC_WARN_ABOUT_RETURN_TYPE = YES_ERROR;
				GCC_WARN_UNDECLARED_SELECTOR = YES;
				GCC_WARN_UNINITIALIZED_AUTOS = YES_AGGRESSIVE;
				GCC_WARN_UNUSED_FUNCTION = YES;
				GCC_WARN_UNUSED_VARIABLE = YES;
				IPHONEOS_DEPLOYMENT_TARGET = 13.5;
				MTL_ENABLE_DEBUG_INFO = NO;
				MTL_FAST_MATH = YES;
				SDKROOT = iphoneos;
				SWIFT_COMPILATION_MODE = wholemodule;
				SWIFT_OPTIMIZATION_LEVEL = "-O";
				VALIDATE_PRODUCT = YES;
			};
			name = Release;
		};
		A106800524A19FCD0024BF6C /* Debug */ = {
			isa = XCBuildConfiguration;
			buildSettings = {
				ASSETCATALOG_COMPILER_APPICON_NAME = AppIcon;
				CODE_SIGN_STYLE = Automatic;
				DEVELOPMENT_ASSET_PATHS = "\"Landmarks/Preview Content\"";
				DEVELOPMENT_TEAM = 64SE2VTT3X;
				ENABLE_PREVIEWS = YES;
				INFOPLIST_FILE = Landmarks/Info.plist;
				LD_RUNPATH_SEARCH_PATHS = (
					"$(inherited)",
					"@executable_path/Frameworks",
				);
				PRODUCT_BUNDLE_IDENTIFIER = com.FossilizedBits.Landmarks;
				PRODUCT_NAME = "$(TARGET_NAME)";
				SWIFT_VERSION = 5.0;
				TARGETED_DEVICE_FAMILY = "1,2";
			};
			name = Debug;
		};
		A106800624A19FCD0024BF6C /* Release */ = {
			isa = XCBuildConfiguration;
			buildSettings = {
				ASSETCATALOG_COMPILER_APPICON_NAME = AppIcon;
				CODE_SIGN_STYLE = Automatic;
				DEVELOPMENT_ASSET_PATHS = "\"Landmarks/Preview Content\"";
				DEVELOPMENT_TEAM = 64SE2VTT3X;
				ENABLE_PREVIEWS = YES;
				INFOPLIST_FILE = Landmarks/Info.plist;
				LD_RUNPATH_SEARCH_PATHS = (
					"$(inherited)",
					"@executable_path/Frameworks",
				);
				PRODUCT_BUNDLE_IDENTIFIER = com.FossilizedBits.Landmarks;
				PRODUCT_NAME = "$(TARGET_NAME)";
				SWIFT_VERSION = 5.0;
				TARGETED_DEVICE_FAMILY = "1,2";
			};
			name = Release;
		};
/* End XCBuildConfiguration section */

/* Begin XCConfigurationList section */
		A1067FEB24A19FCB0024BF6C /* Build configuration list for PBXProject "Landmarks" */ = {
			isa = XCConfigurationList;
			buildConfigurations = (
				A106800224A19FCD0024BF6C /* Debug */,
				A106800324A19FCD0024BF6C /* Release */,
			);
			defaultConfigurationIsVisible = 0;
			defaultConfigurationName = Release;
		};
		A106800424A19FCD0024BF6C /* Build configuration list for PBXNativeTarget "Landmarks" */ = {
			isa = XCConfigurationList;
			buildConfigurations = (
				A106800524A19FCD0024BF6C /* Debug */,
				A106800624A19FCD0024BF6C /* Release */,
			);
			defaultConfigurationIsVisible = 0;
			defaultConfigurationName = Release;
		};
/* End XCConfigurationList section */
	};
	rootObject = A1067FE824A19FCB0024BF6C /* Project object */;
}
